<?xml version="1.0" encoding="utf-8"?>
<Project ToolsVersion="4.0" xmlns="http://schemas.microsoft.com/developer/msbuild/2003">
  <ItemGroup>
    <Filter Include="源文件">
      <UniqueIdentifier>{4FC737F1-C7A5-4376-A066-2A32D752A2FF}</UniqueIdentifier>
      <Extensions>cpp;c;cc;cxx;c++;cppm;ixx;def;odl;idl;hpj;bat;asm;asmx</Extensions>
    </Filter>
    <Filter Include="头文件">
      <UniqueIdentifier>{93995380-89BD-4b04-88EB-625FBE52EBFB}</UniqueIdentifier>
      <Extensions>h;hh;hpp;hxx;h++;hm;inl;inc;ipp;xsd</Extensions>
    </Filter>
    <Filter Include="资源文件">
      <UniqueIdentifier>{67DA6AB6-F800-4c08-8B7A-83BB121AAD01}</UniqueIdentifier>
      <Extensions>rc;ico;cur;bmp;dlg;rc2;rct;bin;rgs;gif;jpg;jpeg;jpe;resx;tiff;tif;png;wav;mfcribbon-ms</Extensions>
    </Filter>
  </ItemGroup>
  <ItemGroup>
    <ClCompile Include="00_运行.cpp">
      <Filter>源文件</Filter>
    </ClCompile>
    <ClCompile Include="11_Encapsulation.cpp">
      <Filter>源文件</Filter>
    </ClCompile>
    <ClCompile Include="12_accessControl.cpp">
      <Filter>源文件</Filter>
    </ClCompile>
    <ClCompile Include="13_struct和class的区别.cpp">
      <Filter>源文件</Filter>
    </ClCompile>
    <ClCompile Include="14_成员属性设置为私有.cpp">
      <Filter>源文件</Filter>
    </ClCompile>
    <ClCompile Include="15_封装案例.cpp">
      <Filter>源文件</Filter>
    </ClCompile>
    <ClCompile Include="16_封装案例2点和圆的关系.cpp">
      <Filter>源文件</Filter>
    </ClCompile>
    <ClCompile Include="21_构造函数与析构函数.cpp">
      <Filter>源文件</Filter>
    </ClCompile>
    <ClCompile Include="22_构造函数的分类及调用.cpp">
      <Filter>源文件</Filter>
    </ClCompile>
    <ClCompile Include="23_拷贝函数调用时机.cpp">
      <Filter>源文件</Filter>
    </ClCompile>
    <ClCompile Include="24_构造函数调用规则.cpp">
      <Filter>源文件</Filter>
    </ClCompile>
    <ClCompile Include="25_浅拷贝与深拷贝.cpp">
      <Filter>源文件</Filter>
    </ClCompile>
    <ClCompile Include="26_初始化列表.cpp">
      <Filter>源文件</Filter>
    </ClCompile>
    <ClCompile Include="27_类对象作为类成员.cpp">
      <Filter>源文件</Filter>
    </ClCompile>
    <ClCompile Include="28_静态成员.cpp">
      <Filter>源文件</Filter>
    </ClCompile>
    <ClCompile Include="31_成员变量和成员函数分开存储.cpp">
      <Filter>源文件</Filter>
    </ClCompile>
    <ClCompile Include="32_this指针.cpp">
      <Filter>源文件</Filter>
    </ClCompile>
    <ClCompile Include="33_空指针访问成员函数.cpp">
      <Filter>源文件</Filter>
    </ClCompile>
    <ClCompile Include="34_const修饰成员函数.cpp">
      <Filter>源文件</Filter>
    </ClCompile>
    <ClCompile Include="41_全局函数做友元.cpp">
      <Filter>源文件</Filter>
    </ClCompile>
    <ClCompile Include="42_类作为友元.cpp">
      <Filter>源文件</Filter>
    </ClCompile>
    <ClCompile Include="43_成员函数作为友元.cpp">
      <Filter>源文件</Filter>
    </ClCompile>
    <ClCompile Include="51_加号运算符重载.cpp">
      <Filter>源文件</Filter>
    </ClCompile>
    <ClCompile Include="52_左移运算符重载.cpp">
      <Filter>源文件</Filter>
    </ClCompile>
    <ClCompile Include="53_递增运算符重载.cpp">
      <Filter>源文件</Filter>
    </ClCompile>
    <ClCompile Include="54_递减运算符重载.cpp">
      <Filter>源文件</Filter>
    </ClCompile>
    <ClCompile Include="55_赋值运算符重载.cpp">
      <Filter>源文件</Filter>
    </ClCompile>
    <ClCompile Include="56_关系运算符重载.cpp">
      <Filter>源文件</Filter>
    </ClCompile>
    <ClCompile Include="57_函数调用运算符重载cpp.cpp">
      <Filter>源文件</Filter>
    </ClCompile>
    <ClCompile Include="61_inherit.cpp">
      <Filter>源文件</Filter>
    </ClCompile>
    <ClCompile Include="62_继承方式.cpp">
      <Filter>源文件</Filter>
    </ClCompile>
    <ClCompile Include="63_继承中的对象模型.cpp">
      <Filter>源文件</Filter>
    </ClCompile>
    <ClCompile Include="64_继承中构造和析构顺序.cpp">
      <Filter>源文件</Filter>
    </ClCompile>
    <ClCompile Include="65_继承中同名成员处理方式.cpp">
      <Filter>源文件</Filter>
    </ClCompile>
    <ClCompile Include="66_继承中同名静态成员处理方式.cpp">
      <Filter>源文件</Filter>
    </ClCompile>
    <ClCompile Include="67多继承语法.cpp">
      <Filter>源文件</Filter>
    </ClCompile>
    <ClCompile Include="68_菱形继承.cpp">
      <Filter>源文件</Filter>
    </ClCompile>
    <ClCompile Include="71_多态基本概念.cpp">
      <Filter>源文件</Filter>
    </ClCompile>
    <ClCompile Include="72_案例计算机类.cpp">
      <Filter>源文件</Filter>
    </ClCompile>
    <ClCompile Include="73_纯虚函数和抽象类.cpp">
      <Filter>源文件</Filter>
    </ClCompile>
    <ClCompile Include="74_茶水冲泡案例cpp.cpp">
      <Filter>源文件</Filter>
    </ClCompile>
    <ClCompile Include="75_虚析构与纯虚析构.cpp">
      <Filter>源文件</Filter>
    </ClCompile>
    <ClCompile Include="76_电脑组装案例.cpp">
      <Filter>源文件</Filter>
    </ClCompile>
    <ClCompile Include="81 文本文件写文件.cpp">
      <Filter>源文件</Filter>
    </ClCompile>
    <ClCompile Include="82 文件读取操作.cpp">
      <Filter>源文件</Filter>
    </ClCompile>
    <ClCompile Include="83 二进制文件写操作.cpp">
      <Filter>源文件</Filter>
    </ClCompile>
    <ClCompile Include="84 二进制方式读文件.cpp">
      <Filter>源文件</Filter>
    </ClCompile>
  </ItemGroup>
  <ItemGroup>
    <ClInclude Include="00_函数.h">
      <Filter>头文件</Filter>
    </ClInclude>
  </ItemGroup>
</Project>