<?xml version="1.0" encoding="utf-8"?>
<Project ToolsVersion="4.0" xmlns="http://schemas.microsoft.com/developer/msbuild/2003">
  <ItemGroup>
    <Filter Include="Source Files">
      <UniqueIdentifier>{4FC737F1-C7A5-4376-A066-2A32D752A2FF}</UniqueIdentifier>
      <Extensions>cpp;c;cc;cxx;c++;cppm;ixx;def;odl;idl;hpj;bat;asm;asmx</Extensions>
    </Filter>
    <Filter Include="Header Files">
      <UniqueIdentifier>{93995380-89BD-4b04-88EB-625FBE52EBFB}</UniqueIdentifier>
      <Extensions>h;hh;hpp;hxx;h++;hm;inl;inc;ipp;xsd</Extensions>
    </Filter>
    <Filter Include="Resource Files">
      <UniqueIdentifier>{67DA6AB6-F800-4c08-8B7A-83BB121AAD01}</UniqueIdentifier>
      <Extensions>rc;ico;cur;bmp;dlg;rc2;rct;bin;rgs;gif;jpg;jpeg;jpe;resx;tiff;tif;png;wav;mfcribbon-ms</Extensions>
    </Filter>
  </ItemGroup>
  <ItemGroup>
    <ClCompile Include="00 运行.cpp">
      <Filter>Source Files</Filter>
    </ClCompile>
    <ClCompile Include="11 for_each实现遍历容器.cpp">
      <Filter>Source Files</Filter>
    </ClCompile>
    <ClCompile Include="12 transform.cpp">
      <Filter>Source Files</Filter>
    </ClCompile>
    <ClCompile Include="21 find.cpp">
      <Filter>Source Files</Filter>
    </ClCompile>
    <ClCompile Include="22 find_if 按条件查找元素.cpp">
      <Filter>Source Files</Filter>
    </ClCompile>
    <ClCompile Include="23  查找相邻重复元素.cpp">
      <Filter>Source Files</Filter>
    </ClCompile>
    <ClCompile Include="24 binary_search.cpp">
      <Filter>Source Files</Filter>
    </ClCompile>
    <ClCompile Include="25 count.cpp">
      <Filter>Source Files</Filter>
    </ClCompile>
    <ClCompile Include="26 count_if.cpp">
      <Filter>Source Files</Filter>
    </ClCompile>
    <ClCompile Include="31 sort排序.cpp">
      <Filter>Source Files</Filter>
    </ClCompile>
    <ClCompile Include="32 random_shuffle.cpp">
      <Filter>Source Files</Filter>
    </ClCompile>
    <ClCompile Include="33 merge.cpp">
      <Filter>Source Files</Filter>
    </ClCompile>
    <ClCompile Include="34 reverse.cpp">
      <Filter>Source Files</Filter>
    </ClCompile>
    <ClCompile Include="41 copy 指定范围拷贝.cpp">
      <Filter>Source Files</Filter>
    </ClCompile>
    <ClCompile Include="42 replace.cpp">
      <Filter>Source Files</Filter>
    </ClCompile>
    <ClCompile Include="43 replace_if.cpp">
      <Filter>Source Files</Filter>
    </ClCompile>
    <ClCompile Include="44 swap.cpp">
      <Filter>Source Files</Filter>
    </ClCompile>
    <ClCompile Include="51 accumulate.cpp">
      <Filter>Source Files</Filter>
    </ClCompile>
    <ClCompile Include="52 fill.cpp">
      <Filter>Source Files</Filter>
    </ClCompile>
    <ClCompile Include="61 set_intersection.cpp">
      <Filter>Source Files</Filter>
    </ClCompile>
    <ClCompile Include="62 set_union.cpp">
      <Filter>Source Files</Filter>
    </ClCompile>
    <ClCompile Include="63 set_difference.cpp">
      <Filter>Source Files</Filter>
    </ClCompile>
  </ItemGroup>
  <ItemGroup>
    <ClInclude Include="00 函数.h">
      <Filter>Header Files</Filter>
    </ClInclude>
  </ItemGroup>
</Project>